
Microsoft Visual Studio Solution File, Format Version 12.00
# Visual Studio Version 17
VisualStudioVersion = 17.1.32421.90
MinimumVisualStudioVersion = 10.0.40219.1
Project("{FAE04EC0-301F-11D3-BF4B-00C04F79EFBC}") = "NPMSTORE", "NPMSTORE\NPMSTORE.csproj", "{9C3A99A1-A398-4887-A3AD-354231F8D9E5}"
EndProject
Global
	GlobalSection(SolutionConfigurationPlatforms) = preSolution
		Debug|Any CPU = Debug|Any CPU
		Release|Any CPU = Release|Any CPU
	EndGlobalSection
	GlobalSection(ProjectConfigurationPlatforms) = postSolution
		{9C3A99A1-A398-4887-A3AD-354231F8D9E5}.Debug|Any CPU.ActiveCfg = Debug|Any CPU
		{9C3A99A1-A398-4887-A3AD-354231F8D9E5}.Debug|Any CPU.Build.0 = Debug|Any CPU
		{9C3A99A1-A398-4887-A3AD-354231F8D9E5}.Release|Any CPU.ActiveCfg = Release|Any CPU
		{9C3A99A1-A398-4887-A3AD-354231F8D9E5}.Release|Any CPU.Build.0 = Release|Any CPU
	EndGlobalSection
	GlobalSection(SolutionProperties) = preSolution
		HideSolutionNode = FALSE
	EndGlobalSection
	GlobalSection(ExtensibilityGlobals) = postSolution
		SolutionGuid = {283B98E1-E487-45B9-85B8-D4EB223CAD8B}
	EndGlobalSection
EndGlobal
